version = 1
revision = 3
requires-python = "==3.14.5"

[[package]]
name = "gitdb"
version = "4.0.12"
source = { registry = "https://pypi.org/simple" }
dependencies = [
    { name = "smmap" },
]
sdist = { url = "https://files.pythonhosted.org/packages/72/94/63b0fc47eb32792c7ba1fe1b694daec9a63620db1e313033d18140c2320a/gitdb-4.0.12.tar.gz", hash = "sha256:5ef71f855d191a3326fcfbc0d5da835f26b13fbcba60c32c21091c349ffdb571", size = 394684, upload-time = "2025-01-02T07:20:46.413Z" }
wheels = [
    { url = "https://files.pythonhosted.org/packages/a0/61/5c78b91c3143ed5c14207f463aecfc8f9dbb5092fb2869baf37c273b2705/gitdb-4.0.12-py3-none-any.whl", hash = "sha256:67073e15955400952c6565cc3e707c554a4eea2e428946f7a4c162fab9bd9bcf", size = 62794, upload-time = "2025-01-02T07:20:43.624Z" },
]

[[package]]
name = "gitpython"
version = "3.1.50"
source = { registry = "https://pypi.org/simple" }
dependencies = [
    { name = "gitdb" },
]
sdist = { url = "https://files.pythonhosted.org/packages/33/f6/354ae6491228b5eb40e10d89c4d13c651fe1cf7556e35ebdded50cff57ce/gitpython-3.1.50.tar.gz", hash = "sha256:80da2d12504d52e1f998772dc5baf6e553f8d2fcfe1fcc226c9d9a2ee3372dcc", size = 219798, upload-time = "2026-05-06T04:01:26.571Z" }
wheels = [
    { url = "https://files.pythonhosted.org/packages/20/7a/1c6e3562dfd8950adbb11ffbc65d21e7c89d01a6e4f137fa981056de25c5/gitpython-3.1.50-py3-none-any.whl", hash = "sha256:d352abe2908d07355014abdd21ddf798c2a961469239afec4962e9da884858f9", size = 212507, upload-time = "2026-05-06T04:01:23.799Z" },
]

[[package]]
name = "google-re2"
version = "1.1.20251105"
source = { registry = "https://pypi.org/simple" }
sdist = { url = "https://files.pythonhosted.org/packages/6b/60/805c654ba53d685513df955ee745f71920fe8e6a284faf0f9b9dc19b659c/google_re2-1.1.20251105.tar.gz", hash = "sha256:1db14a292ee8303b91e91e7c37e05ac17d3c467f29416c79ac70a78be3e65bda", size = 11676, upload-time = "2025-11-05T14:58:07.324Z" }
wheels = [
    { url = "https://files.pythonhosted.org/packages/5e/7f/7eb238bdcd06182b5f427afd305cf413b7cf4ea71047308bbf35912cf923/google_re2-1.1.20251105-1-cp314-cp314-macosx_13_0_arm64.whl", hash = "sha256:cc151cf6a585d9ebe711da32b23683fcff40f78db8c8587c7f4b209ef4658809", size = 484719, upload-time = "2025-11-05T14:57:51.326Z" },
    { url = "https://files.pythonhosted.org/packages/6d/62/eed28eab67f939f4b9383c47b1db11638ade6ac30785c15cb960de85ba43/google_re2-1.1.20251105-1-cp314-cp314-macosx_13_0_x86_64.whl", hash = "sha256:7e2186d2c90488c1e11895343941f35ca2f58e9ba6c6b034fd531abe22ef77cc", size = 517698, upload-time = "2025-11-05T14:57:52.597Z" },
    { url = "https://files.pythonhosted.org/packages/f7/16/a1e6768513f788bf9c67a1cfe379ef34a793983eee46e4b653e42b558b78/google_re2-1.1.20251105-1-cp314-cp314-macosx_14_0_arm64.whl", hash = "sha256:41be22359c3dceb582937739b4365dd8e279de24ad0a5b10e653503abaff2ed7", size = 486421, upload-time = "2025-11-05T14:57:53.852Z" },
    { url = "https://files.pythonhosted.org/packages/ca/fc/7a97ffd36d451e5a8bfaff2f9022b14807795d588f98227ff96e8da99856/google_re2-1.1.20251105-1-cp314-cp314-macosx_14_0_x86_64.whl", hash = "sha256:f3168d7bbac247c862ea85b2f3c011d3a04bedcb6892b37f14d488f4133b206e", size = 519037, upload-time = "2025-11-05T14:57:55.078Z" },
    { url = "https://files.pythonhosted.org/packages/5f/ee/8b6f7d94bb689dafdf60de8dd8f8f6296ad40d4d15c933fcda4da7a3a06b/google_re2-1.1.20251105-1-cp314-cp314-macosx_15_0_arm64.whl", hash = "sha256:79ce664038194a31bbcf422137f9607ae3d9946a5cff98cf0efbeb7f9411e64b", size = 483373, upload-time = "2025-11-05T14:57:56.297Z" },
    { url = "https://files.pythonhosted.org/packages/d1/a6/16a09e03d1de128f821869e4252688c21319f5017d9209f4d0e71ea5c951/google_re2-1.1.20251105-1-cp314-cp314-macosx_15_0_x86_64.whl", hash = "sha256:0476b07421b8882b279d5ceb5b760c15c62d581ded95274697fc1227e3869ee6", size = 510167, upload-time = "2025-11-05T14:57:57.653Z" },
    { url = "https://files.pythonhosted.org/packages/c4/9d/213dce5de401527369fb5af11096b18c06001d9eb71f3318fe5eba1ec706/google_re2-1.1.20251105-1-cp314-cp314-manylinux_2_26_aarch64.manylinux_2_28_aarch64.whl", hash = "sha256:85feec3161ffdc12f6b144e37a2f91f80b771c72ffadde60191e89a49f6d7e81", size = 573176, upload-time = "2025-11-05T14:57:59.211Z" },
    { url = "https://files.pythonhosted.org/packages/03/be/a8def96aa4a80b233e105767d22e3de961dcde5a04f0a05cb4f3ddb4df78/google_re2-1.1.20251105-1-cp314-cp314-manylinux_2_27_x86_64.manylinux_2_28_x86_64.whl", hash = "sha256:a7bfaa2cf55daf0c5c650e68526bb20b61e37d7f3ae53f6893013acc1c91c116", size = 591483, upload-time = "2025-11-05T14:58:00.416Z" },
    { url = "https://files.pythonhosted.org/packages/14/ea/144bbc4b9359da89aec07b4c2a91a6bfe7119914885386577c665b07bb01/google_re2-1.1.20251105-1-cp314-cp314-win32.whl", hash = "sha256:214c1accdc60fff9ce1bf812b157147ca361844f496ed9e0d5f357b0e562ced8", size = 433773, upload-time = "2025-11-05T14:58:01.594Z" },
    { url = "https://files.pythonhosted.org/packages/96/b3/74e301211699f1b650ba7690a3e4e52146ac4266fcd62f3ea0a945b9eda4/google_re2-1.1.20251105-1-cp314-cp314-win_amd64.whl", hash = "sha256:6d4d5fdadd329a2ed193463899d00ef2fd126172f36a4c01c9def271f19801b6", size = 491893, upload-time = "2025-11-05T14:58:02.969Z" },
    { url = "https://files.pythonhosted.org/packages/6f/d1/4adcfcb9c95e3d064c9f7aaf6cb3a4fc842d86115014b9d4094db4d465b5/google_re2-1.1.20251105-1-cp314-cp314-win_arm64.whl", hash = "sha256:1d27f3a2a947ec1f721d0f14f661108acfd4f4d34f357ce28db951cc036656e5", size = 643093, upload-time = "2025-11-05T14:58:05.761Z" },
]

[[package]]
name = "google-re2-stubs"
version = "0.1.1"
source = { registry = "https://pypi.org/simple" }
dependencies = [
    { name = "google-re2" },
]
sdist = { url = "https://files.pythonhosted.org/packages/e5/a4/d8d16007eb6a6eb137ec3b6344a67199837e14a73709efeaa7285d2660eb/google_re2_stubs-0.1.1.tar.gz", hash = "sha256:f5ebef2f4188957bf980a5ad88ab266589638e5090329e6a0fde99f6bb684657", size = 4009, upload-time = "2024-10-21T15:22:43.861Z" }
wheels = [
    { url = "https://files.pythonhosted.org/packages/7e/86/2134e8ff65a22e30883bfc38ac34c5c76fd88cc9cef02ff3561f05db2b68/google_re2_stubs-0.1.1-py3-none-any.whl", hash = "sha256:a82eb6c3accd20879d711cd38151583d8a154fcca755f43a5595143a484c8118", size = 3676, upload-time = "2024-10-21T15:22:43.08Z" },
]

[[package]]
name = "orjson"
version = "3.11.9"
source = { registry = "https://pypi.org/simple" }
sdist = { url = "https://files.pythonhosted.org/packages/7e/0c/964746fcafbd16f8ff53219ad9f6b412b34f345c75f384ad434ceaadb538/orjson-3.11.9.tar.gz", hash = "sha256:4fef17e1f8722c11587a6ef18e35902450221da0028e65dbaaa543619e68e48f", size = 5599163, upload-time = "2026-05-06T15:11:08.309Z" }
wheels = [
    { url = "https://files.pythonhosted.org/packages/8e/eb/5da01e356015aee6ecfa1187ced87aef51364e306f5e695dd52719bf0e78/orjson-3.11.9-cp314-cp314-macosx_10_15_x86_64.macosx_11_0_arm64.macosx_10_15_universal2.whl", hash = "sha256:b6ef1979adc4bc243523f1a2ba91418030a8e29b0a99cbe7e0e2d6807d4dce6e", size = 228465, upload-time = "2026-05-06T15:10:44.097Z" },
    { url = "https://files.pythonhosted.org/packages/64/62/3e0e0c14c957133bcd855395c62b55ed4e3b0af23ffea11b032cb1dcbdb1/orjson-3.11.9-cp314-cp314-macosx_15_0_arm64.whl", hash = "sha256:f36b7f32c7c0db4a719f1fc5824db4a9c6f8bd1a354debb91faf26ebf3a4c71e", size = 128364, upload-time = "2026-05-06T15:10:45.839Z" },
    { url = "https://files.pythonhosted.org/packages/5a/5a/07d8aa117211a8ed7630bda80c8c0b14d04e0f8dcf99bcf49656e4a710eb/orjson-3.11.9-cp314-cp314-manylinux_2_17_aarch64.manylinux2014_aarch64.whl", hash = "sha256:08f4d8ebb44925c794e535b2bebc507cebf32209df81de22ae285fb0d8d66de0", size = 132063, upload-time = "2026-05-06T15:10:47.267Z" },
    { url = "https://files.pythonhosted.org/packages/d6/ec/4acaf21483e18aa945be74a474c74b434f284b549f275a0a39b9f98956e9/orjson-3.11.9-cp314-cp314-manylinux_2_17_armv7l.manylinux2014_armv7l.whl", hash = "sha256:6cc7923789694fd58f001cbcac7e47abc13af4d560ebbfcf3b41a8b1a0748124", size = 122356, upload-time = "2026-05-06T15:10:48.765Z" },
    { url = "https://files.pythonhosted.org/packages/13/d8/5f0555e7638801323b7a75850f92e7dfa891bc84fe27a1ba4449170d1200/orjson-3.11.9-cp314-cp314-manylinux_2_17_i686.manylinux2014_i686.whl", hash = "sha256:ea5c46eb2d3af39e806b986f4b09d5c2706a1f5afde3cbf7544ce6616127173c", size = 129592, upload-time = "2026-05-06T15:10:50.13Z" },
    { url = "https://files.pythonhosted.org/packages/b6/30/ed9860412a3603ceb3c5955bfd72d28b9d0e7ba6ed81add14f83d7114236/orjson-3.11.9-cp314-cp314-manylinux_2_17_ppc64le.manylinux2014_ppc64le.whl", hash = "sha256:f5d89a2ed90731df3be64bab0aa44f78bff39fdc9d71c291f4a8023aa46425b7", size = 140491, upload-time = "2026-05-06T15:10:51.582Z" },
    { url = "https://files.pythonhosted.org/packages/d0/17/adc514dea7ac7c505527febf884934b815d34f0c7b8693c1a8b39c5c4a57/orjson-3.11.9-cp314-cp314-manylinux_2_17_s390x.manylinux2014_s390x.whl", hash = "sha256:25e4aed0312d292c09f61af25bba34e0b2c88546041472b09088c39a4d828af1", size = 127309, upload-time = "2026-05-06T15:10:53.329Z" },
    { url = "https://files.pythonhosted.org/packages/76/3e/c0b690253f0b82d86e99949af13533363acfb5432ecb5d53dd5b3bce9c34/orjson-3.11.9-cp314-cp314-manylinux_2_17_x86_64.manylinux2014_x86_64.whl", hash = "sha256:aaea64f3f467d22e70eeed68bdccb3bc4f83f650446c4a03c59f2cba28a108db", size = 134030, upload-time = "2026-05-06T15:10:54.988Z" },
    { url = "https://files.pythonhosted.org/packages/c1/7a/bc82a0bb25e9faaf92dc4d9ef002732efc09737706af83e346788641d4a7/orjson-3.11.9-cp314-cp314-musllinux_1_2_aarch64.whl", hash = "sha256:a028425d1b440c5d92a6be1e1a020739dfe67ea87d96c6dbe828c1b30041728b", size = 141482, upload-time = "2026-05-06T15:10:56.663Z" },
    { url = "https://files.pythonhosted.org/packages/01/55/e69188b939f77d5d32a9833745ace31ea5ccae3ab613a1ec185d3cd2c4fb/orjson-3.11.9-cp314-cp314-musllinux_1_2_armv7l.whl", hash = "sha256:5b192c6cf397e4455b11523c5cf2b18ed084c1bbd61b6c0926344d2129481972", size = 415178, upload-time = "2026-05-06T15:10:58.446Z" },
    { url = "https://files.pythonhosted.org/packages/2e/1a/b8a5a7ac527e80b9cb11d51e3f6689b709279183264b9ec5c7bc680bb8b5/orjson-3.11.9-cp314-cp314-musllinux_1_2_i686.whl", hash = "sha256:ea407d4ccf5891d667d045fecae97a7a1e5e87b3b97f97ae1803c2e741130be0", size = 148089, upload-time = "2026-05-06T15:11:00.441Z" },
    { url = "https://files.pythonhosted.org/packages/97/4e/00503f64204bf859b37213a63927028f30fb6268cd8677fb0a5ad48155e1/orjson-3.11.9-cp314-cp314-musllinux_1_2_x86_64.whl", hash = "sha256:5f63aaf97afd9f6dec5b1a68e1b8da12bfccb4cb9a9a65c3e0b6c847849e7586", size = 136921, upload-time = "2026-05-06T15:11:02.176Z" },
    { url = "https://files.pythonhosted.org/packages/0d/ba/a23b82a0a8d0ed7bed4e5f5035aae751cad4ff6a1e8d2ecd14d8860f5929/orjson-3.11.9-cp314-cp314-win32.whl", hash = "sha256:e30ab17845bb9fa54ccf67fa4f9f5282652d54faa6d17452f47d0f369d038673", size = 131638, upload-time = "2026-05-06T15:11:03.696Z" },
    { url = "https://files.pythonhosted.org/packages/f3/c3/0c6798456bade745c75c452342dabacce5798196483e77e643be1f53877d/orjson-3.11.9-cp314-cp314-win_amd64.whl", hash = "sha256:32ef5f4283a3be81913947d19608eacb7c6608026851123790cd9cc8982af34b", size = 127078, upload-time = "2026-05-06T15:11:05.123Z" },
    { url = "https://files.pythonhosted.org/packages/16/21/5a3f1e8913103b703a436a5664238e5b965ec392b555fe68943ea3691e6b/orjson-3.11.9-cp314-cp314-win_arm64.whl", hash = "sha256:eebdbdeef0094e4f5aefa20dcd4eb2368ab5e7a3b4edea27f1e7b2892e009cf9", size = 126687, upload-time = "2026-05-06T15:11:06.602Z" },
]

[[package]]
name = "python-dotenv"
version = "1.2.2"
source = { registry = "https://pypi.org/simple" }
sdist = { url = "https://files.pythonhosted.org/packages/82/ed/0301aeeac3e5353ef3d94b6ec08bbcabd04a72018415dcb29e588514bba8/python_dotenv-1.2.2.tar.gz", hash = "sha256:2c371a91fbd7ba082c2c1dc1f8bf89ca22564a087c2c287cd9b662adde799cf3", size = 50135, upload-time = "2026-03-01T16:00:26.196Z" }
wheels = [
    { url = "https://files.pythonhosted.org/packages/0b/d7/1959b9648791274998a9c3526f6d0ec8fd2233e4d4acce81bbae76b44b2a/python_dotenv-1.2.2-py3-none-any.whl", hash = "sha256:1d8214789a24de455a8b8bd8ae6fe3c6b69a5e3d64aa8a8e5d68e694bbcb285a", size = 22101, upload-time = "2026-03-01T16:00:25.09Z" },
]

[[package]]
name = "ruff"
version = "0.15.13"
source = { registry = "https://pypi.org/simple" }
sdist = { url = "https://files.pythonhosted.org/packages/24/21/a7d5c126d5b557715ef81098f3db2fe20f622a039ff2e626af28d674ab80/ruff-0.15.13.tar.gz", hash = "sha256:f9d89f17f7ba7fb2ed42921f0df75da797a9a5d71bc39049e2c687cf2baf44b7", size = 4678180, upload-time = "2026-05-14T13:44:37.869Z" }
wheels = [
    { url = "https://files.pythonhosted.org/packages/c6/61/11d458dc6ac22504fd8e237b29dfd40504c7fbbcc8930402cfe51a8e63ed/ruff-0.15.13-py3-none-linux_armv6l.whl", hash = "sha256:444b580fc72fd6887e650acd3e575e18cdc79dbcf42fb4030b491057921f61f8", size = 10738279, upload-time = "2026-05-14T13:44:18.7Z" },
    { url = "https://files.pythonhosted.org/packages/86/ca/caa871ee7be718c45256fada4e16a218ee3e33f0c4a46b729a60a24912e6/ruff-0.15.13-py3-none-macosx_10_12_x86_64.whl", hash = "sha256:6590d009e7cb7ebf36f83dbdd44a3fa48a0994ff6f1cdc1b08006abe58f98dc7", size = 11124798, upload-time = "2026-05-14T13:44:06.427Z" },
    { url = "https://files.pythonhosted.org/packages/d3/19/43f5f2e568dddde567fc41f8471f9432c09563e19d3e617a48cfa52f8f0a/ruff-0.15.13-py3-none-macosx_11_0_arm64.whl", hash = "sha256:1c26d2f66163deeb6e08d8b39fbbe983ce3c71cea06a6d7591cfd1421793c629", size = 10460761, upload-time = "2026-05-14T13:44:04.375Z" },
    { url = "https://files.pythonhosted.org/packages/99/df/cf938cd6de3003178f03ad7c1ea2a6c099468c03a35037985070b37e76be/ruff-0.15.13-py3-none-manylinux_2_17_aarch64.manylinux2014_aarch64.whl", hash = "sha256:9dbd6f94b434f896308e4d57fb7bfde0d02b99f7a64b3bdab0fdfa6a864203a5", size = 10804451, upload-time = "2026-05-14T13:44:25.221Z" },
    { url = "https://files.pythonhosted.org/packages/c7/7d/5d0973129b154ded2225729169d7068f26b467760b146493fde138415f23/ruff-0.15.13-py3-none-manylinux_2_17_armv7l.manylinux2014_armv7l.whl", hash = "sha256:bf3259f3be4d181bda591da5db2571aed6853c6a048157756448020bc6c5cd22", size = 10534285, upload-time = "2026-05-14T13:44:08.888Z" },
    { url = "https://files.pythonhosted.org/packages/1f/e3/6b999bbc66cd51e5f073842bc2a3995e99c5e0e72e16b15e7261f7abf57a/ruff-0.15.13-py3-none-manylinux_2_17_i686.manylinux2014_i686.whl", hash = "sha256:ae9c17e5eb4430c154e76abc25d79a318190f5a997f38fb6b114416c5319ffc9", size = 11312063, upload-time = "2026-05-14T13:44:11.274Z" },
    { url = "https://files.pythonhosted.org/packages/af/5a/642639e9f5db04f1e97fbd6e091c6fd20725bdf072fb114d00eefb9e6eb8/ruff-0.15.13-py3-none-manylinux_2_17_ppc64le.manylinux2014_ppc64le.whl", hash = "sha256:2e2e39bff6c341f4b577a21b801326fab0b11847f48fcaa83f00a113c9b3cb55", size = 12183079, upload-time = "2026-05-14T13:44:01.634Z" },
    { url = "https://files.pythonhosted.org/packages/19/4c/7585735f6b53b0f12de13618b2f7d250a844f018822efc899df2e7b8295f/ruff-0.15.13-py3-none-manylinux_2_17_s390x.manylinux2014_s390x.whl", hash = "sha256:e8d9a8e08013542e94d3220bc5b62cc3e5ef87c5f74bff367d3fac14fab013e6", size = 11440833, upload-time = "2026-05-14T13:43:59.043Z" },
    { url = "https://files.pythonhosted.org/packages/e8/31/bf1a0803d077e679cfeee5f2f67290a0fa79c7385b5d9a8c17b9db2c48f0/ruff-0.15.13-py3-none-manylinux_2_17_x86_64.manylinux2014_x86_64.whl", hash = "sha256:cc411dfebe5eebe55ce041c6ae080eb7668955e866daa2fbb16692a784f1c4ca", size = 11434486, upload-time = "2026-05-14T13:44:27.761Z" },
    { url = "https://files.pythonhosted.org/packages/e1/4e/62c9b999875d4f14db80f277c030578f5e249c9852d65b7ac7ad0b43c041/ruff-0.15.13-py3-none-manylinux_2_31_riscv64.whl", hash = "sha256:768494eb08b9cee54e2fd27969966f74db5a57f6eaa7a90fcb3306af34dfc4bd", size = 11385189, upload-time = "2026-05-14T13:44:13.704Z" },
    { url = "https://files.pythonhosted.org/packages/fc/89/7e959047a104df3eb12863447c110140191fc5b6c4f379ea2e803fcdb0e4/ruff-0.15.13-py3-none-musllinux_1_2_aarch64.whl", hash = "sha256:fb75f9a3a7e42ffe117d734494e6c5e5cb3565d66e12612cb63d0e572a41a5b6", size = 10781380, upload-time = "2026-05-14T13:43:56.734Z" },
    { url = "https://files.pythonhosted.org/packages/ff/52/5fd18f3b88cab63e88aa11516b3b4e1e5f720e5c330f8dbe5c26210f41f8/ruff-0.15.13-py3-none-musllinux_1_2_armv7l.whl", hash = "sha256:8cb74dd33bb2f6613faf7fc03b660053b5ac4f80e706d5788c6335e2a8048d51", size = 10540605, upload-time = "2026-05-14T13:44:20.748Z" },
    { url = "https://files.pythonhosted.org/packages/e8/e0/9e35f338990d3e41a82875ff7053ffe97541dae81c9d02143177f381d572/ruff-0.15.13-py3-none-musllinux_1_2_i686.whl", hash = "sha256:7ef823f817fcd191dc934e984be9cf4094f808effa16f2542ad8e821ba02bbf2", size = 11036554, upload-time = "2026-05-14T13:44:16.256Z" },
    { url = "https://files.pythonhosted.org/packages/c2/13/070fb048c24080fba188f66371e2a92785be257ad02242066dc7255ac6e9/ruff-0.15.13-py3-none-musllinux_1_2_x86_64.whl", hash = "sha256:f345a13937bd7f09f6f5d19fa0721b0c103e00e7f62bc67089a8e5e037719e0b", size = 11528133, upload-time = "2026-05-14T13:44:22.808Z" },
    { url = "https://files.pythonhosted.org/packages/6b/8c/b1e1666aef7fc6555094d73ae6cd981701781ae85b97ceefc0eebd0b4668/ruff-0.15.13-py3-none-win32.whl", hash = "sha256:4044f94208b3b05ba0fc4a4abd0558cf4d6459bd18325eead7fd8cc66f909b41", size = 10721455, upload-time = "2026-05-14T13:44:35.697Z" },
    { url = "https://files.pythonhosted.org/packages/ab/a6/870a3e8a50590bb92be184ad928c2922f088b00d9dc5c5ec7b924ee08c22/ruff-0.15.13-py3-none-win_amd64.whl", hash = "sha256:7064884d442b7d477b4e7473d12da7f08851d2b1982763c5d3f388a19468a1a4", size = 11900409, upload-time = "2026-05-14T13:44:30.389Z" },
    { url = "https://files.pythonhosted.org/packages/9b/36/9c015cd052fca743dae8cb2aeb16b551444787467db42ceab0fc968865af/ruff-0.15.13-py3-none-win_arm64.whl", hash = "sha256:2471da9bd1068c8c064b5fd9c0c4b6dddffd6369cb1cd68b29993b1709ff1b21", size = 11179336, upload-time = "2026-05-14T13:44:33.026Z" },
]

[[package]]
name = "smmap"
version = "5.0.3"
source = { registry = "https://pypi.org/simple" }
sdist = { url = "https://files.pythonhosted.org/packages/1f/ea/49c993d6dfdd7338c9b1000a0f36817ed7ec84577ae2e52f890d1a4ff909/smmap-5.0.3.tar.gz", hash = "sha256:4d9debb8b99007ae47165abc08670bd74cb74b5227dda7f643eccc4e9eb5642c", size = 22506, upload-time = "2026-03-09T03:43:26.1Z" }
wheels = [
    { url = "https://files.pythonhosted.org/packages/c1/d4/59e74daffcb57a07668852eeeb6035af9f32cbfd7a1d2511f17d2fe6a738/smmap-5.0.3-py3-none-any.whl", hash = "sha256:c106e05d5a61449cf6ba9a1e650227ecfb141590d2a98412103ff35d89fc7b2f", size = 24390, upload-time = "2026-03-09T03:43:24.361Z" },
]

[[package]]
name = "sync"
version = "1.0.0"
source = { editable = "." }
dependencies = [
    { name = "gitpython" },
    { name = "google-re2" },
    { name = "orjson" },
]

[package.dev-dependencies]
dev = [
    { name = "google-re2-stubs" },
    { name = "python-dotenv" },
    { name = "ruff" },
    { name = "ty" },
    { name = "types-requests" },
]

[package.metadata]
requires-dist = [
    { name = "gitpython", specifier = "==3.1.50" },
    { name = "google-re2", specifier = "==1.1.20251105" },
    { name = "orjson", specifier = "==3.11.9" },
]

[package.metadata.requires-dev]
dev = [
    { name = "google-re2-stubs", specifier = "==0.1.1" },
    { name = "python-dotenv", specifier = "==1.2.2" },
    { name = "ruff", specifier = "==0.15.13" },
    { name = "ty", specifier = "==0.0.36" },
    { name = "types-requests", specifier = "==2.33.0.20260513" },
]

[[package]]
name = "ty"
version = "0.0.36"
source = { registry = "https://pypi.org/simple" }
sdist = { url = "https://files.pythonhosted.org/packages/14/bf/4baa1533937246861afcf27a84a3bbf1a536729fc40fdbbf6c99c4218dac/ty-0.0.36.tar.gz", hash = "sha256:0350a4edc956f165ab1d1c92db3b74526fcaae16921095b63c3c6a8be313b2ff", size = 5643311, upload-time = "2026-05-15T10:19:37.359Z" }
wheels = [
    { url = "https://files.pythonhosted.org/packages/bf/08/83e6f1a8aad5fef237373c020628e3703b2a79cae134df7ae74a074b23ca/ty-0.0.36-py3-none-linux_armv6l.whl", hash = "sha256:c70fae86e68717969101ee4da11e2077efd55ea3ac4e1478b9dccf600d561086", size = 11236491, upload-time = "2026-05-15T10:19:51.863Z" },
    { url = "https://files.pythonhosted.org/packages/05/08/39fc4f4acf4430a1a2bd5f1698ac28a6d39e4c93b0e363b6ee19b5e0f5f4/ty-0.0.36-py3-none-macosx_10_12_x86_64.whl", hash = "sha256:543410bc78f38d351a388c29c6e7e0a646decdf0e8fb6b47496056030efab76f", size = 10984361, upload-time = "2026-05-15T10:19:20.755Z" },
    { url = "https://files.pythonhosted.org/packages/87/f3/92d2bc59922c0ae6baa7476a815dbfe216f7a7f8ff3a801012a330acdbe3/ty-0.0.36-py3-none-macosx_11_0_arm64.whl", hash = "sha256:a9f568ca71245f198278be8a73c30b87194277e3c8f328bb053e68399dd8dc91", size = 10423126, upload-time = "2026-05-15T10:19:45.722Z" },
    { url = "https://files.pythonhosted.org/packages/be/b2/f03701dbb5513b833680d7fd845e7e521bf8ae290eae465175049263b989/ty-0.0.36-py3-none-manylinux_2_17_aarch64.manylinux2014_aarch64.whl", hash = "sha256:4f951b2845f39a12624f3beececc3063a12ce1212c11916d3557e7e78998c9d2", size = 10943043, upload-time = "2026-05-15T10:19:23.708Z" },
    { url = "https://files.pythonhosted.org/packages/7f/32/5a186144fa4fbdace1f263047d58e2c89ac828cee4b5dda2b7dbb3496ad3/ty-0.0.36-py3-none-manylinux_2_17_armv7l.manylinux2014_armv7l.whl", hash = "sha256:45952006bf810deb25e1c4dfe9977a3cb8e9e675b2b491a6fd46717210a4a970", size = 11020866, upload-time = "2026-05-15T10:19:39.882Z" },
    { url = "https://files.pythonhosted.org/packages/a1/0f/a8f6e63eaf0c3445b076f2bf07f97440ac548db06bb892097b22351e26df/ty-0.0.36-py3-none-manylinux_2_17_i686.manylinux2014_i686.whl", hash = "sha256:7e0d7d7c14f789e66fb0296c6c1facf07e519ff5d6d0250ffc3d54479f50cf88", size = 11507375, upload-time = "2026-05-15T10:19:54.95Z" },
    { url = "https://files.pythonhosted.org/packages/c4/e2/0556e4253c285d2166037e009f50f82799f93c56ceb1c574a40da851333c/ty-0.0.36-py3-none-manylinux_2_17_ppc64le.manylinux2014_ppc64le.whl", hash = "sha256:4873e1ae8d99c67296d7908c1be70da0f6a644746751c619b49cebeff0816509", size = 12043426, upload-time = "2026-05-15T10:19:26.254Z" },
    { url = "https://files.pythonhosted.org/packages/37/0b/915d9c41ac95ab753b78b96779b94a7fe846d5715182b96d4b06c14e5910/ty-0.0.36-py3-none-manylinux_2_17_s390x.manylinux2014_s390x.whl", hash = "sha256:0e376cb976e9a8a4a5900f6e322ea4c8ac1dad0a6a8c9a10d5b15e87b8cf3f88", size = 11676680, upload-time = "2026-05-15T10:19:57.711Z" },
    { url = "https://files.pythonhosted.org/packages/b9/ee/c356541929121004aeecc2e72d4e53185d59413d78a37f27eff83292369e/ty-0.0.36-py3-none-manylinux_2_17_x86_64.manylinux2014_x86_64.whl", hash = "sha256:a002bbcc8ea6dd34b79463ae147f36e5c46ed9676767c0bc307a48e92e5e5dac", size = 11594362, upload-time = "2026-05-15T10:19:18.184Z" },
    { url = "https://files.pythonhosted.org/packages/4c/6b/aba45733431791fb7dadbb44550bbb3bdc909f7c551538d8a804639c5f4c/ty-0.0.36-py3-none-manylinux_2_31_riscv64.whl", hash = "sha256:a489fe80d42cd23c06ac8304bcbf07712f976655ca1a0e6b05040b53ccdc252b", size = 11749166, upload-time = "2026-05-15T10:19:34.969Z" },
    { url = "https://files.pythonhosted.org/packages/28/32/9a5bd2d6512ee0b4496df36521162c142f0fec8f6c33889a0bbbfe8b91f7/ty-0.0.36-py3-none-musllinux_1_2_aarch64.whl", hash = "sha256:4a19d1ca362c8c2ea85dccb39d314aaa560cec77f618fcfc6d2e056253ca552b", size = 10923862, upload-time = "2026-05-15T10:19:31.9Z" },
    { url = "https://files.pythonhosted.org/packages/36/f1/cbaf5a560c13d25842685d32afecedc193f8c9e6f7f8f03974616eb3361f/ty-0.0.36-py3-none-musllinux_1_2_armv7l.whl", hash = "sha256:0ea83a24b4a5cf1c0421c436569e70648073a20eb9d31af3ae434dde28070cb2", size = 11057070, upload-time = "2026-05-15T10:20:00.293Z" },
    { url = "https://files.pythonhosted.org/packages/59/5e/6c40145836825144600d3378cd6d6d2287ad3c079c86ceeedc4c35093394/ty-0.0.36-py3-none-musllinux_1_2_i686.whl", hash = "sha256:642421a4c56ea1a403e706dc22d0206bd5a76b08fca702ed7c7f43664b586569", size = 11184165, upload-time = "2026-05-15T10:19:29.036Z" },
    { url = "https://files.pythonhosted.org/packages/0e/5f/e9ea4193c9b01da05691064f38bcb107460c92055266dd43f8d457e82305/ty-0.0.36-py3-none-musllinux_1_2_x86_64.whl", hash = "sha256:248f933e58d3295a54438c08e8289ae782aa12c96c2d10adcaef77f973ab536d", size = 11688416, upload-time = "2026-05-15T10:19:12.083Z" },
    { url = "https://files.pythonhosted.org/packages/b5/13/576a6ec0226388d457e2ffd677485d8f532d8c852f2d8b6278c4d82813d7/ty-0.0.36-py3-none-win32.whl", hash = "sha256:0c5c806444904bb66506ea6811a751caa93860838d01210fad7f9100370c4ce9", size = 10503333, upload-time = "2026-05-15T10:19:48.825Z" },
    { url = "https://files.pythonhosted.org/packages/8a/ba/e0b42be5920f56f49b1d6b5f77fd0668e4a5c94f63402bcdc3ee53511a11/ty-0.0.36-py3-none-win_amd64.whl", hash = "sha256:79d4adf8e4ffe12b3adc822874bce963993f0de904ddb5daa9599f38e53d602a", size = 11574185, upload-time = "2026-05-15T10:19:15.177Z" },
    { url = "https://files.pythonhosted.org/packages/f8/77/42de5de13d5e473c5fb4667cb2cc1efa5d3c07df4a43d11ca4a6d6c62223/ty-0.0.36-py3-none-win_arm64.whl", hash = "sha256:a392731f68a5eff66346fdcb831d370d5e3c49aabae805081b4b70c0b6a3093b", size = 10939643, upload-time = "2026-05-15T10:19:42.593Z" },
]

[[package]]
name = "types-requests"
version = "2.33.0.20260513"
source = { registry = "https://pypi.org/simple" }
dependencies = [
    { name = "urllib3" },
]
sdist = { url = "https://files.pythonhosted.org/packages/6d/f7/3228dd3794941bcb92ca6ca2045a6671a828ec0b47becbef23310bc45559/types_requests-2.33.0.20260513.tar.gz", hash = "sha256:bd845450e954e751373d5d33526742592f298808a3ee3bda7e858e46b839b57f", size = 24714, upload-time = "2026-05-13T05:39:23.481Z" }
wheels = [
    { url = "https://files.pythonhosted.org/packages/51/f5/233a78be8367a9888de718f002fb27b1ea4be39471cd88aedeafceed872e/types_requests-2.33.0.20260513-py3-none-any.whl", hash = "sha256:d5a965f9d18b6e06b72039a69565de9027e58f36a7f709857da747fbe7521122", size = 21390, upload-time = "2026-05-13T05:39:22.262Z" },
]

[[package]]
name = "urllib3"
version = "2.7.0"
source = { registry = "https://pypi.org/simple" }
sdist = { url = "https://files.pythonhosted.org/packages/53/0c/06f8b233b8fd13b9e5ee11424ef85419ba0d8ba0b3138bf360be2ff56953/urllib3-2.7.0.tar.gz", hash = "sha256:231e0ec3b63ceb14667c67be60f2f2c40a518cb38b03af60abc813da26505f4c", size = 433602, upload-time = "2026-05-07T16:13:18.596Z" }
wheels = [
    { url = "https://files.pythonhosted.org/packages/7f/3e/5db95bcf282c52709639744ca2a8b149baccf648e39c8cc87553df9eae0c/urllib3-2.7.0-py3-none-any.whl", hash = "sha256:9fb4c81ebbb1ce9531cce37674bbc6f1360472bc18ca9a553ede278ef7276897", size = 131087, upload-time = "2026-05-07T16:13:17.151Z" },
]
