version = 1
revision = 3
requires-python = ">=3.14"

[[package]]
name = "cffi"
version = "2.0.0"
source = { registry = "https://pypi.tuna.tsinghua.edu.cn/simple/" }
dependencies = [
    { name = "pycparser", marker = "implementation_name != 'PyPy'" },
]
sdist = { url = "https://pypi.tuna.tsinghua.edu.cn/packages/eb/56/b1ba7935a17738ae8453301356628e8147c79dbb825bcbc73dc7401f9846/cffi-2.0.0.tar.gz", hash = "sha256:44d1b5909021139fe36001ae048dbdde8214afa20200eda0f64c068cac5d5529", size = 523588, upload-time = "2025-09-08T23:24:04.541Z" }
wheels = [
    { url = "https://pypi.tuna.tsinghua.edu.cn/packages/92/c4/3ce07396253a83250ee98564f8d7e9789fab8e58858f35d07a9a2c78de9f/cffi-2.0.0-cp314-cp314-macosx_10_13_x86_64.whl", hash = "sha256:fc33c5141b55ed366cfaad382df24fe7dcbc686de5be719b207bb248e3053dc5", size = 185320, upload-time = "2025-09-08T23:23:18.087Z" },
    { url = "https://pypi.tuna.tsinghua.edu.cn/packages/59/dd/27e9fa567a23931c838c6b02d0764611c62290062a6d4e8ff7863daf9730/cffi-2.0.0-cp314-cp314-macosx_11_0_arm64.whl", hash = "sha256:c654de545946e0db659b3400168c9ad31b5d29593291482c43e3564effbcee13", size = 181487, upload-time = "2025-09-08T23:23:19.622Z" },
    { url = "https://pypi.tuna.tsinghua.edu.cn/packages/d6/43/0e822876f87ea8a4ef95442c3d766a06a51fc5298823f884ef87aaad168c/cffi-2.0.0-cp314-cp314-manylinux2014_aarch64.manylinux_2_17_aarch64.whl", hash = "sha256:24b6f81f1983e6df8db3adc38562c83f7d4a0c36162885ec7f7b77c7dcbec97b", size = 220049, upload-time = "2025-09-08T23:23:20.853Z" },
    { url = "https://pypi.tuna.tsinghua.edu.cn/packages/b4/89/76799151d9c2d2d1ead63c2429da9ea9d7aac304603de0c6e8764e6e8e70/cffi-2.0.0-cp314-cp314-manylinux2014_ppc64le.manylinux_2_17_ppc64le.whl", hash = "sha256:12873ca6cb9b0f0d3a0da705d6086fe911591737a59f28b7936bdfed27c0d47c", size = 207793, upload-time = "2025-09-08T23:23:22.08Z" },
    { url = "https://pypi.tuna.tsinghua.edu.cn/packages/bb/dd/3465b14bb9e24ee24cb88c9e3730f6de63111fffe513492bf8c808a3547e/cffi-2.0.0-cp314-cp314-manylinux2014_s390x.manylinux_2_17_s390x.whl", hash = "sha256:d9b97165e8aed9272a6bb17c01e3cc5871a594a446ebedc996e2397a1c1ea8ef", size = 206300, upload-time = "2025-09-08T23:23:23.314Z" },
    { url = "https://pypi.tuna.tsinghua.edu.cn/packages/47/d9/d83e293854571c877a92da46fdec39158f8d7e68da75bf73581225d28e90/cffi-2.0.0-cp314-cp314-manylinux2014_x86_64.manylinux_2_17_x86_64.whl", hash = "sha256:afb8db5439b81cf9c9d0c80404b60c3cc9c3add93e114dcae767f1477cb53775", size = 219244, upload-time = "2025-09-08T23:23:24.541Z" },
    { url = "https://pypi.tuna.tsinghua.edu.cn/packages/2b/0f/1f177e3683aead2bb00f7679a16451d302c436b5cbf2505f0ea8146ef59e/cffi-2.0.0-cp314-cp314-musllinux_1_2_aarch64.whl", hash = "sha256:737fe7d37e1a1bffe70bd5754ea763a62a066dc5913ca57e957824b72a85e205", size = 222828, upload-time = "2025-09-08T23:23:26.143Z" },
    { url = "https://pypi.tuna.tsinghua.edu.cn/packages/c6/0f/cafacebd4b040e3119dcb32fed8bdef8dfe94da653155f9d0b9dc660166e/cffi-2.0.0-cp314-cp314-musllinux_1_2_x86_64.whl", hash = "sha256:38100abb9d1b1435bc4cc340bb4489635dc2f0da7456590877030c9b3d40b0c1", size = 220926, upload-time = "2025-09-08T23:23:27.873Z" },
    { url = "https://pypi.tuna.tsinghua.edu.cn/packages/3e/aa/df335faa45b395396fcbc03de2dfcab242cd61a9900e914fe682a59170b1/cffi-2.0.0-cp314-cp314-win32.whl", hash = "sha256:087067fa8953339c723661eda6b54bc98c5625757ea62e95eb4898ad5e776e9f", size = 175328, upload-time = "2025-09-08T23:23:44.61Z" },
    { url = "https://pypi.tuna.tsinghua.edu.cn/packages/bb/92/882c2d30831744296ce713f0feb4c1cd30f346ef747b530b5318715cc367/cffi-2.0.0-cp314-cp314-win_amd64.whl", hash = "sha256:203a48d1fb583fc7d78a4c6655692963b860a417c0528492a6bc21f1aaefab25", size = 185650, upload-time = "2025-09-08T23:23:45.848Z" },
    { url = "https://pypi.tuna.tsinghua.edu.cn/packages/9f/2c/98ece204b9d35a7366b5b2c6539c350313ca13932143e79dc133ba757104/cffi-2.0.0-cp314-cp314-win_arm64.whl", hash = "sha256:dbd5c7a25a7cb98f5ca55d258b103a2054f859a46ae11aaf23134f9cc0d356ad", size = 180687, upload-time = "2025-09-08T23:23:47.105Z" },
    { url = "https://pypi.tuna.tsinghua.edu.cn/packages/3e/61/c768e4d548bfa607abcda77423448df8c471f25dbe64fb2ef6d555eae006/cffi-2.0.0-cp314-cp314t-macosx_10_13_x86_64.whl", hash = "sha256:9a67fc9e8eb39039280526379fb3a70023d77caec1852002b4da7e8b270c4dd9", size = 188773, upload-time = "2025-09-08T23:23:29.347Z" },
    { url = "https://pypi.tuna.tsinghua.edu.cn/packages/2c/ea/5f76bce7cf6fcd0ab1a1058b5af899bfbef198bea4d5686da88471ea0336/cffi-2.0.0-cp314-cp314t-macosx_11_0_arm64.whl", hash = "sha256:7a66c7204d8869299919db4d5069a82f1561581af12b11b3c9f48c584eb8743d", size = 185013, upload-time = "2025-09-08T23:23:30.63Z" },
    { url = "https://pypi.tuna.tsinghua.edu.cn/packages/be/b4/c56878d0d1755cf9caa54ba71e5d049479c52f9e4afc230f06822162ab2f/cffi-2.0.0-cp314-cp314t-manylinux2014_aarch64.manylinux_2_17_aarch64.whl", hash = "sha256:7cc09976e8b56f8cebd752f7113ad07752461f48a58cbba644139015ac24954c", size = 221593, upload-time = "2025-09-08T23:23:31.91Z" },
    { url = "https://pypi.tuna.tsinghua.edu.cn/packages/e0/0d/eb704606dfe8033e7128df5e90fee946bbcb64a04fcdaa97321309004000/cffi-2.0.0-cp314-cp314t-manylinux2014_ppc64le.manylinux_2_17_ppc64le.whl", hash = "sha256:92b68146a71df78564e4ef48af17551a5ddd142e5190cdf2c5624d0c3ff5b2e8", size = 209354, upload-time = "2025-09-08T23:23:33.214Z" },
    { url = "https://pypi.tuna.tsinghua.edu.cn/packages/d8/19/3c435d727b368ca475fb8742ab97c9cb13a0de600ce86f62eab7fa3eea60/cffi-2.0.0-cp314-cp314t-manylinux2014_s390x.manylinux_2_17_s390x.whl", hash = "sha256:b1e74d11748e7e98e2f426ab176d4ed720a64412b6a15054378afdb71e0f37dc", size = 208480, upload-time = "2025-09-08T23:23:34.495Z" },
    { url = "https://pypi.tuna.tsinghua.edu.cn/packages/d0/44/681604464ed9541673e486521497406fadcc15b5217c3e326b061696899a/cffi-2.0.0-cp314-cp314t-manylinux2014_x86_64.manylinux_2_17_x86_64.whl", hash = "sha256:28a3a209b96630bca57cce802da70c266eb08c6e97e5afd61a75611ee6c64592", size = 221584, upload-time = "2025-09-08T23:23:36.096Z" },
    { url = "https://pypi.tuna.tsinghua.edu.cn/packages/25/8e/342a504ff018a2825d395d44d63a767dd8ebc927ebda557fecdaca3ac33a/cffi-2.0.0-cp314-cp314t-musllinux_1_2_aarch64.whl", hash = "sha256:7553fb2090d71822f02c629afe6042c299edf91ba1bf94951165613553984512", size = 224443, upload-time = "2025-09-08T23:23:37.328Z" },
    { url = "https://pypi.tuna.tsinghua.edu.cn/packages/e1/5e/b666bacbbc60fbf415ba9988324a132c9a7a0448a9a8f125074671c0f2c3/cffi-2.0.0-cp314-cp314t-musllinux_1_2_x86_64.whl", hash = "sha256:6c6c373cfc5c83a975506110d17457138c8c63016b563cc9ed6e056a82f13ce4", size = 223437, upload-time = "2025-09-08T23:23:38.945Z" },
    { url = "https://pypi.tuna.tsinghua.edu.cn/packages/a0/1d/ec1a60bd1a10daa292d3cd6bb0b359a81607154fb8165f3ec95fe003b85c/cffi-2.0.0-cp314-cp314t-win32.whl", hash = "sha256:1fc9ea04857caf665289b7a75923f2c6ed559b8298a1b8c49e59f7dd95c8481e", size = 180487, upload-time = "2025-09-08T23:23:40.423Z" },
    { url = "https://pypi.tuna.tsinghua.edu.cn/packages/bf/41/4c1168c74fac325c0c8156f04b6749c8b6a8f405bbf91413ba088359f60d/cffi-2.0.0-cp314-cp314t-win_amd64.whl", hash = "sha256:d68b6cef7827e8641e8ef16f4494edda8b36104d79773a334beaa1e3521430f6", size = 191726, upload-time = "2025-09-08T23:23:41.742Z" },
    { url = "https://pypi.tuna.tsinghua.edu.cn/packages/ae/3a/dbeec9d1ee0844c679f6bb5d6ad4e9f198b1224f4e7a32825f47f6192b0c/cffi-2.0.0-cp314-cp314t-win_arm64.whl", hash = "sha256:0a1527a803f0a659de1af2e1fd700213caba79377e27e4693648c2923da066f9", size = 184195, upload-time = "2025-09-08T23:23:43.004Z" },
]

[[package]]
name = "gitdb"
version = "4.0.12"
source = { registry = "https://pypi.tuna.tsinghua.edu.cn/simple/" }
dependencies = [
    { name = "smmap" },
]
sdist = { url = "https://pypi.tuna.tsinghua.edu.cn/packages/72/94/63b0fc47eb32792c7ba1fe1b694daec9a63620db1e313033d18140c2320a/gitdb-4.0.12.tar.gz", hash = "sha256:5ef71f855d191a3326fcfbc0d5da835f26b13fbcba60c32c21091c349ffdb571", size = 394684, upload-time = "2025-01-02T07:20:46.413Z" }
wheels = [
    { url = "https://pypi.tuna.tsinghua.edu.cn/packages/a0/61/5c78b91c3143ed5c14207f463aecfc8f9dbb5092fb2869baf37c273b2705/gitdb-4.0.12-py3-none-any.whl", hash = "sha256:67073e15955400952c6565cc3e707c554a4eea2e428946f7a4c162fab9bd9bcf", size = 62794, upload-time = "2025-01-02T07:20:43.624Z" },
]

[[package]]
name = "gitpython"
version = "3.1.49"
source = { registry = "https://pypi.tuna.tsinghua.edu.cn/simple/" }
dependencies = [
    { name = "gitdb" },
]
sdist = { url = "https://pypi.tuna.tsinghua.edu.cn/packages/e1/63/210aaa302d6a0a78daa67c5c15bbac2cad361722841278b0209b6da20855/gitpython-3.1.49.tar.gz", hash = "sha256:42f9399c9eb33fc581014bedd76049dfbaf6375aa2a5754575966387280315e1", size = 219367, upload-time = "2026-04-29T00:31:20.478Z" }
wheels = [
    { url = "https://pypi.tuna.tsinghua.edu.cn/packages/fd/6f/b842bfa6f21d6f87c57f9abf7194225e55279d96d869775e19e9f7236fc5/gitpython-3.1.49-py3-none-any.whl", hash = "sha256:024b0422d7f84d15cd794844e029ffebd4c5d42a7eb9b936b458697ef550a02c", size = 212190, upload-time = "2026-04-29T00:31:18.412Z" },
]

[[package]]
name = "pycparser"
version = "3.0"
source = { registry = "https://pypi.tuna.tsinghua.edu.cn/simple/" }
sdist = { url = "https://pypi.tuna.tsinghua.edu.cn/packages/1b/7d/92392ff7815c21062bea51aa7b87d45576f649f16458d78b7cf94b9ab2e6/pycparser-3.0.tar.gz", hash = "sha256:600f49d217304a5902ac3c37e1281c9fe94e4d0489de643a9504c5cdfdfc6b29", size = 103492, upload-time = "2026-01-21T14:26:51.89Z" }
wheels = [
    { url = "https://pypi.tuna.tsinghua.edu.cn/packages/0c/c3/44f3fbbfa403ea2a7c779186dc20772604442dde72947e7d01069cbe98e3/pycparser-3.0-py3-none-any.whl", hash = "sha256:b727414169a36b7d524c1c3e31839a521725078d7b2ff038656844266160a992", size = 48172, upload-time = "2026-01-21T14:26:50.693Z" },
]

[[package]]
name = "pygit2"
version = "1.19.2"
source = { registry = "https://pypi.tuna.tsinghua.edu.cn/simple/" }
dependencies = [
    { name = "cffi" },
]
sdist = { url = "https://pypi.tuna.tsinghua.edu.cn/packages/3a/a4/10ce00feef5c43eddacab19ae6610c4d4ef3ab77e544e9ee938772cd1c17/pygit2-1.19.2.tar.gz", hash = "sha256:cbeb3dbca9ca6ee3d5ea5d02f5e844c2d6084a2d5d6621e3e06aa2b11c645bfd", size = 803448, upload-time = "2026-03-29T14:57:27.565Z" }
wheels = [
    { url = "https://pypi.tuna.tsinghua.edu.cn/packages/2e/1b/1a935baeb29958d7e50a52c7a963ce5963f24fa8a5024e1082d43b07a770/pygit2-1.19.2-cp314-cp314-macosx_10_15_x86_64.whl", hash = "sha256:f5effee3f4ad0d9c89b34ebecf1acee26f6b117ef3c51345ad022bd521fd8dca", size = 5706909, upload-time = "2026-03-29T14:56:46.249Z" },
    { url = "https://pypi.tuna.tsinghua.edu.cn/packages/a7/86/4bb6f196b13bd7ed825f4e931fb7152a36d01e8de24c8de44425702ad18c/pygit2-1.19.2-cp314-cp314-macosx_11_0_arm64.whl", hash = "sha256:1ed09804dc6b6de0be07a71443122fd7b6458f8466d1134003c2dea55af886fc", size = 5696293, upload-time = "2026-03-29T14:56:48.173Z" },
    { url = "https://pypi.tuna.tsinghua.edu.cn/packages/2f/64/d674b3f854cecf53bccbc21a095734759cd3599624578ed3c78602eb22a3/pygit2-1.19.2-cp314-cp314-manylinux_2_26_aarch64.manylinux_2_28_aarch64.whl", hash = "sha256:2d114aa066e718d5ef3401b366dcb0b37b549c3b3b139f5f0042bd7059a4b0f7", size = 6038057, upload-time = "2026-03-29T14:56:50.118Z" },
    { url = "https://pypi.tuna.tsinghua.edu.cn/packages/64/eb/2ce41735e27ee0f28f786aae62ea371f3beec0ef38d1712a2910421386c4/pygit2-1.19.2-cp314-cp314-manylinux_2_26_ppc64le.manylinux_2_28_ppc64le.whl", hash = "sha256:c1becc06071acfdd5ae8523aaeab6d4b0930b2bcb08f5eb878e052e61275000b", size = 4641475, upload-time = "2026-03-29T14:56:51.581Z" },
    { url = "https://pypi.tuna.tsinghua.edu.cn/packages/e5/8d/35f6096c42caefb715ca29e991279b493275c0051a3c83081099644d3f4a/pygit2-1.19.2-cp314-cp314-manylinux_2_26_x86_64.manylinux_2_28_x86_64.whl", hash = "sha256:06d2db3bdbf2906eb17112adb14a2fe6e34c1b2bce39c91819f59208d4e56665", size = 5801738, upload-time = "2026-03-29T14:56:53.043Z" },
    { url = "https://pypi.tuna.tsinghua.edu.cn/packages/fc/31/dbbaa7a433008fec9046cc293c012ae5d5a31e66321e1fb05d64ae131e54/pygit2-1.19.2-cp314-cp314-musllinux_1_2_aarch64.whl", hash = "sha256:8a7e99e5dfc8d3ed8f849b9688bc3fb1bdc86f34af28159140a8d1e18b703dd8", size = 6043074, upload-time = "2026-03-29T14:56:54.774Z" },
    { url = "https://pypi.tuna.tsinghua.edu.cn/packages/f0/33/b34266efba6917081dafb50976155c2d31cd377f277e67348a810245c4b4/pygit2-1.19.2-cp314-cp314-musllinux_1_2_x86_64.whl", hash = "sha256:7659d59eba6c4a706978237d02e8d719f960843df749256f1656c938c1f4142b", size = 5770986, upload-time = "2026-03-29T14:56:56.796Z" },
    { url = "https://pypi.tuna.tsinghua.edu.cn/packages/c6/ab/813f3af50987020cd90e810da147ebef16a61003b9af995070ec338634ba/pygit2-1.19.2-cp314-cp314-win32.whl", hash = "sha256:e551908dfd93d471c0b08cfcddbe4924417865aae6ac90d20f3815c9483b0a82", size = 967943, upload-time = "2026-03-29T14:56:58.196Z" },
    { url = "https://pypi.tuna.tsinghua.edu.cn/packages/22/00/24df5ac51a316e36a07bbf9e4c91fade523b9e80a84d5c9e7acd10b22248/pygit2-1.19.2-cp314-cp314-win_amd64.whl", hash = "sha256:eb1fd8538372230f8a471a5f3629901bc2fc7df992853d97bedc8fa269a9caf3", size = 1194774, upload-time = "2026-03-29T14:56:59.721Z" },
    { url = "https://pypi.tuna.tsinghua.edu.cn/packages/a7/ee/274a91b28864fd9c5cdd2949b4d7e0909fd6a89785a46308de098d3a22cd/pygit2-1.19.2-cp314-cp314-win_arm64.whl", hash = "sha256:3cc461245b70be45a936e925744e67a45f6b0ee970aeb8e7a385dd7fe9f40877", size = 996677, upload-time = "2026-03-29T14:57:01.013Z" },
    { url = "https://pypi.tuna.tsinghua.edu.cn/packages/4f/22/3c05a56918e6fda5deb53aeb7436959a8880f4cc436a76771771479693de/pygit2-1.19.2-cp314-cp314t-macosx_10_15_x86_64.whl", hash = "sha256:cb686bc81dfe5b13937047643fddb1dd253dae33b4a9ca62858c49ed294e05be", size = 5710172, upload-time = "2026-03-29T14:57:02.672Z" },
    { url = "https://pypi.tuna.tsinghua.edu.cn/packages/59/eb/2fdd485c01b478c77dd2e949b424a61c70a8750ffb13c5035fe3edf6a8f6/pygit2-1.19.2-cp314-cp314t-macosx_11_0_arm64.whl", hash = "sha256:5ec3538d81963bd05dd16c0de75938a9173966e1c853ad7848ebcb60bcfe21b0", size = 5699256, upload-time = "2026-03-29T14:57:04.401Z" },
    { url = "https://pypi.tuna.tsinghua.edu.cn/packages/51/f4/f0608bb369da15f2973dfb33e7b7cba4c9bc8164e6a01e3f15e65e85efef/pygit2-1.19.2-cp314-cp314t-manylinux_2_26_aarch64.manylinux_2_28_aarch64.whl", hash = "sha256:d02ebb50ea082d9631bbfda12787eb5324b8880a72cb8e3b9f11e9b323ad5781", size = 6096321, upload-time = "2026-03-29T14:57:06.33Z" },
    { url = "https://pypi.tuna.tsinghua.edu.cn/packages/6e/1b/816d3700dc8bcc9028c5f81b190f2d770d1cb9cd2ccdd39939d0b6730718/pygit2-1.19.2-cp314-cp314t-manylinux_2_26_ppc64le.manylinux_2_28_ppc64le.whl", hash = "sha256:8a3643e4dd569c2909e88586659f617f70315680ca3c619cd8ff9e9c28726c25", size = 4696179, upload-time = "2026-03-29T14:57:08.552Z" },
    { url = "https://pypi.tuna.tsinghua.edu.cn/packages/ee/a6/0fc82f07c4dfee5856626c5d4b422c32e14cac0204eb1e9558ac0d717b07/pygit2-1.19.2-cp314-cp314t-manylinux_2_26_x86_64.manylinux_2_28_x86_64.whl", hash = "sha256:697e3684cb4ef2bfc084623c3f680d5ae8b4c8afca31a35a731b7b70204d9f83", size = 5853368, upload-time = "2026-03-29T14:57:10.449Z" },
    { url = "https://pypi.tuna.tsinghua.edu.cn/packages/f8/60/0393786d7810b7f83def3738cb9be1a735cf6b555dc219d90f46010b87b1/pygit2-1.19.2-cp314-cp314t-musllinux_1_2_aarch64.whl", hash = "sha256:173165b54a2affed918302193f12dd369bec981b1d77904cdcd76b966a824e15", size = 6099319, upload-time = "2026-03-29T14:57:12.166Z" },
    { url = "https://pypi.tuna.tsinghua.edu.cn/packages/13/ad/22e30e630a147e10a912e085c4cb816a0dc39bee8d39493b40101f3da4c7/pygit2-1.19.2-cp314-cp314t-musllinux_1_2_x86_64.whl", hash = "sha256:ff32adce1a48d76b10e790b36784f6cb5ef40699b758c8b84f7f53f13b13d237", size = 5822074, upload-time = "2026-03-29T14:57:13.84Z" },
    { url = "https://pypi.tuna.tsinghua.edu.cn/packages/4b/08/71ea683386887a1aab8f9b8c282b6df7ce7fae45fc7c9959719c78baebba/pygit2-1.19.2-cp314-cp314t-win32.whl", hash = "sha256:637d7c023f6623da35cf02cd1091f260c709730dd615367f4524ec8d771d0898", size = 972866, upload-time = "2026-03-29T14:57:15.26Z" },
    { url = "https://pypi.tuna.tsinghua.edu.cn/packages/da/67/efbde3954bdcbadfb61d183badd9a3e730c4ad94ed10966abe0b177abe0c/pygit2-1.19.2-cp314-cp314t-win_amd64.whl", hash = "sha256:2805a8abd546e38298ce5daf33e444960e483acce68cbfb5d338e72ad5bc3503", size = 1201537, upload-time = "2026-03-29T14:57:16.72Z" },
    { url = "https://pypi.tuna.tsinghua.edu.cn/packages/0f/0c/28ae2c74038d1c51092f525658986a261f1963ec96528e7b41e721387343/pygit2-1.19.2-cp314-cp314t-win_arm64.whl", hash = "sha256:376a0d2c27c082f6bd8b97fd8ffc1939f16dfe8374ec846deee9b11151b37b8a", size = 997795, upload-time = "2026-03-29T14:57:17.878Z" },
]

[[package]]
name = "python-dotenv"
version = "1.2.2"
source = { registry = "https://pypi.tuna.tsinghua.edu.cn/simple/" }
sdist = { url = "https://pypi.tuna.tsinghua.edu.cn/packages/82/ed/0301aeeac3e5353ef3d94b6ec08bbcabd04a72018415dcb29e588514bba8/python_dotenv-1.2.2.tar.gz", hash = "sha256:2c371a91fbd7ba082c2c1dc1f8bf89ca22564a087c2c287cd9b662adde799cf3", size = 50135, upload-time = "2026-03-01T16:00:26.196Z" }
wheels = [
    { url = "https://pypi.tuna.tsinghua.edu.cn/packages/0b/d7/1959b9648791274998a9c3526f6d0ec8fd2233e4d4acce81bbae76b44b2a/python_dotenv-1.2.2-py3-none-any.whl", hash = "sha256:1d8214789a24de455a8b8bd8ae6fe3c6b69a5e3d64aa8a8e5d68e694bbcb285a", size = 22101, upload-time = "2026-03-01T16:00:25.09Z" },
]

[[package]]
name = "ruff"
version = "0.15.12"
source = { registry = "https://pypi.tuna.tsinghua.edu.cn/simple/" }
sdist = { url = "https://pypi.tuna.tsinghua.edu.cn/packages/99/43/3291f1cc9106f4c63bdce7a8d0df5047fe8422a75b091c16b5e9355e0b11/ruff-0.15.12.tar.gz", hash = "sha256:ecea26adb26b4232c0c2ca19ccbc0083a68344180bba2a600605538ce51a40a6", size = 4643852, upload-time = "2026-04-24T18:17:14.305Z" }
wheels = [
    { url = "https://pypi.tuna.tsinghua.edu.cn/packages/c3/6e/e78ffb61d4686f3d96ba3df2c801161843746dcbcbb17a1e927d4829312b/ruff-0.15.12-py3-none-linux_armv6l.whl", hash = "sha256:f86f176e188e94d6bdbc09f09bfd9dc729059ad93d0e7390b5a73efe19f8861c", size = 10640713, upload-time = "2026-04-24T18:17:22.841Z" },
    { url = "https://pypi.tuna.tsinghua.edu.cn/packages/ae/08/a317bc231fb9e7b93e4ef3089501e51922ff88d6936ce5cf870c4fe55419/ruff-0.15.12-py3-none-macosx_10_12_x86_64.whl", hash = "sha256:e3bcd123364c3770b8e1b7baaf343cc99a35f197c5c6e8af79015c666c423a6c", size = 11069267, upload-time = "2026-04-24T18:17:30.105Z" },
    { url = "https://pypi.tuna.tsinghua.edu.cn/packages/aa/a4/f828e9718d3dce1f5f11c39c4f65afd32783c8b2aebb2e3d259e492c47bd/ruff-0.15.12-py3-none-macosx_11_0_arm64.whl", hash = "sha256:fe87510d000220aa1ed530d4448a7c696a0cae1213e5ec30e5874287b66557b5", size = 10397182, upload-time = "2026-04-24T18:17:07.177Z" },
    { url = "https://pypi.tuna.tsinghua.edu.cn/packages/71/e0/3310fc6d1b5e1fdea22bf3b1b807c7e187b581021b0d7d4514cccdb5fb71/ruff-0.15.12-py3-none-manylinux_2_17_aarch64.manylinux2014_aarch64.whl", hash = "sha256:84a1630093121375a3e2a95b4a6dc7b59e2b4ee76216e32d81aae550a832d002", size = 10758012, upload-time = "2026-04-24T18:16:55.759Z" },
    { url = "https://pypi.tuna.tsinghua.edu.cn/packages/11/c1/a606911aee04c324ddaa883ae418f3569792fd3c4a10c50e0dd0a2311e1e/ruff-0.15.12-py3-none-manylinux_2_17_armv7l.manylinux2014_armv7l.whl", hash = "sha256:fb129f40f114f089ebe0ca56c0d251cf2061b17651d464bb6478dc01e69f11f5", size = 10447479, upload-time = "2026-04-24T18:16:51.677Z" },
    { url = "https://pypi.tuna.tsinghua.edu.cn/packages/9d/68/4201e8444f0894f21ab4aeeaee68aa4f10b51613514a20d80bd628d57e88/ruff-0.15.12-py3-none-manylinux_2_17_i686.manylinux2014_i686.whl", hash = "sha256:b0c862b172d695db7598426b8af465e7e9ac00a3ea2a3630ee67eb82e366aaa6", size = 11234040, upload-time = "2026-04-24T18:17:16.529Z" },
    { url = "https://pypi.tuna.tsinghua.edu.cn/packages/34/ff/8a6d6cf4ccc23fd67060874e832c18919d1557a0611ebef03fdb01fff11e/ruff-0.15.12-py3-none-manylinux_2_17_ppc64le.manylinux2014_ppc64le.whl", hash = "sha256:2849ea9f3484c3aca43a82f484210370319e7170df4dfe4843395ddf6c57bc33", size = 12087377, upload-time = "2026-04-24T18:17:04.944Z" },
    { url = "https://pypi.tuna.tsinghua.edu.cn/packages/85/f6/c669cf73f5152f623d34e69866a46d5e6185816b19fcd5b6dd8a2d299922/ruff-0.15.12-py3-none-manylinux_2_17_s390x.manylinux2014_s390x.whl", hash = "sha256:9e77c7e51c07fe396826d5969a5b846d9cd4c402535835fb6e21ce8b28fef847", size = 11367784, upload-time = "2026-04-24T18:17:25.409Z" },
    { url = "https://pypi.tuna.tsinghua.edu.cn/packages/e8/39/c61d193b8a1daaa8977f7dea9e8d8ba866e02ea7b65d32f6861693aa4c12/ruff-0.15.12-py3-none-manylinux_2_17_x86_64.manylinux2014_x86_64.whl", hash = "sha256:83b2f4f2f3b1026b5fb449b467d9264bf22067b600f7b6f41fc5958909f449d0", size = 11344088, upload-time = "2026-04-24T18:17:12.258Z" },
    { url = "https://pypi.tuna.tsinghua.edu.cn/packages/c2/8d/49afab3645e31e12c590acb6d3b5b69d7aab5b81926dbaf7461f9441f37a/ruff-0.15.12-py3-none-manylinux_2_31_riscv64.whl", hash = "sha256:9ba3b8f1afd7e2e43d8943e55f249e13f9682fde09711644a6e7290eb4f3e339", size = 11271770, upload-time = "2026-04-24T18:17:02.457Z" },
    { url = "https://pypi.tuna.tsinghua.edu.cn/packages/46/06/33f41fe94403e2b755481cdfb9b7ef3e4e0ed031c4581124658d935d52b4/ruff-0.15.12-py3-none-musllinux_1_2_aarch64.whl", hash = "sha256:e852ba9fdc890655e1d78f2df1499efbe0e54126bd405362154a75e2bde159c5", size = 10719355, upload-time = "2026-04-24T18:17:27.648Z" },
    { url = "https://pypi.tuna.tsinghua.edu.cn/packages/0d/59/18aa4e014debbf559670e4048e39260a85c7fcee84acfd761ac01e7b8d35/ruff-0.15.12-py3-none-musllinux_1_2_armv7l.whl", hash = "sha256:dd8aed930da53780d22fc70bdf84452c843cf64f8cb4eb38984319c24c5cd5fd", size = 10462758, upload-time = "2026-04-24T18:17:32.347Z" },
    { url = "https://pypi.tuna.tsinghua.edu.cn/packages/25/e7/cc9f16fd0f3b5fddcbd7ec3d6ae30c8f3fde1047f32a4093a98d633c6570/ruff-0.15.12-py3-none-musllinux_1_2_i686.whl", hash = "sha256:01da3988d225628b709493d7dc67c3b9b12c0210016b08690ef9bd27970b262b", size = 10953498, upload-time = "2026-04-24T18:17:20.674Z" },
    { url = "https://pypi.tuna.tsinghua.edu.cn/packages/72/7a/a9ba7f98c7a575978698f4230c5e8cc54bbc761af34f560818f933dafa0c/ruff-0.15.12-py3-none-musllinux_1_2_x86_64.whl", hash = "sha256:9cae0f92bd5700d1213188b31cd3bdd2b315361296d10b96b8e2337d3d11f53e", size = 11447765, upload-time = "2026-04-24T18:17:09.755Z" },
    { url = "https://pypi.tuna.tsinghua.edu.cn/packages/ea/f9/0ae446942c846b8266059ad8a30702a35afae55f5cdc54c5adf8d7afdc27/ruff-0.15.12-py3-none-win32.whl", hash = "sha256:d0185894e038d7043ba8fd6aee7499ece6462dc0ea9f1e260c7451807c714c20", size = 10657277, upload-time = "2026-04-24T18:17:18.591Z" },
    { url = "https://pypi.tuna.tsinghua.edu.cn/packages/33/f1/9614e03e1cdcbf9437570b5400ced8a720b5db22b28d8e0f1bda429f660d/ruff-0.15.12-py3-none-win_amd64.whl", hash = "sha256:c87a162d61ab3adca47c03f7f717c68672edec7d1b5499e652331780fe74950d", size = 11837758, upload-time = "2026-04-24T18:17:00.113Z" },
    { url = "https://pypi.tuna.tsinghua.edu.cn/packages/c0/98/6beb4b351e472e5f4c4613f7c35a5290b8be2497e183825310c4c3a3984b/ruff-0.15.12-py3-none-win_arm64.whl", hash = "sha256:a538f7a82d061cee7be55542aca1d86d1393d55d81d4fcc314370f4340930d4f", size = 11120821, upload-time = "2026-04-24T18:16:57.979Z" },
]

[[package]]
name = "smmap"
version = "5.0.3"
source = { registry = "https://pypi.tuna.tsinghua.edu.cn/simple/" }
sdist = { url = "https://pypi.tuna.tsinghua.edu.cn/packages/1f/ea/49c993d6dfdd7338c9b1000a0f36817ed7ec84577ae2e52f890d1a4ff909/smmap-5.0.3.tar.gz", hash = "sha256:4d9debb8b99007ae47165abc08670bd74cb74b5227dda7f643eccc4e9eb5642c", size = 22506, upload-time = "2026-03-09T03:43:26.1Z" }
wheels = [
    { url = "https://pypi.tuna.tsinghua.edu.cn/packages/c1/d4/59e74daffcb57a07668852eeeb6035af9f32cbfd7a1d2511f17d2fe6a738/smmap-5.0.3-py3-none-any.whl", hash = "sha256:c106e05d5a61449cf6ba9a1e650227ecfb141590d2a98412103ff35d89fc7b2f", size = 24390, upload-time = "2026-03-09T03:43:24.361Z" },
]

[[package]]
name = "sync"
version = "1.0.0"
source = { editable = "." }
dependencies = [
    { name = "gitpython" },
    { name = "pygit2" },
]

[package.dev-dependencies]
dev = [
    { name = "python-dotenv" },
    { name = "ruff" },
    { name = "ty" },
    { name = "types-requests" },
]

[package.metadata]
requires-dist = [
    { name = "gitpython", specifier = ">=3.1.49" },
    { name = "pygit2", specifier = ">=1.19.2" },
]

[package.metadata.requires-dev]
dev = [
    { name = "python-dotenv", specifier = "==1.2.2" },
    { name = "ruff", specifier = "==0.15.12" },
    { name = "ty", specifier = "==0.0.33" },
    { name = "types-requests", specifier = "==2.33.0.20260408" },
]

[[package]]
name = "ty"
version = "0.0.33"
source = { registry = "https://pypi.tuna.tsinghua.edu.cn/simple/" }
sdist = { url = "https://pypi.tuna.tsinghua.edu.cn/packages/84/44/9478c50c266826c1bf30d1692e589755bffa8f1c0a3eb7af8a346c255991/ty-0.0.33.tar.gz", hash = "sha256:46d63bda07403322cb6c28ccfdd5536be916e13df725c29f7ccd0a21f06bd9e8", size = 5559373, upload-time = "2026-04-28T10:45:13.18Z" }
wheels = [
    { url = "https://pypi.tuna.tsinghua.edu.cn/packages/e9/24/e287388c63a19191be26b32ff4dbd06029834068150ebe2532939bc4c851/ty-0.0.33-py3-none-linux_armv6l.whl", hash = "sha256:94d0a9d2234261a8911396d59e506b5923fe0971dbda43b9dcea287936887fcc", size = 11021308, upload-time = "2026-04-28T10:45:43.34Z" },
    { url = "https://pypi.tuna.tsinghua.edu.cn/packages/00/ca/ba1eed819895bd239fba8ee35dfcd5fcb266c203b0914a17a59579096bb5/ty-0.0.33-py3-none-macosx_10_12_x86_64.whl", hash = "sha256:e4a2b5ba078f90de342f56b5f7979bb77c9b9b1d8625a041352ffc6ee93c4073", size = 10777272, upload-time = "2026-04-28T10:45:32.905Z" },
    { url = "https://pypi.tuna.tsinghua.edu.cn/packages/25/a8/c3131d37b44b3fea1d6654a1c929a0cd0873822f77a90482b8ec28f6fbbd/ty-0.0.33-py3-none-macosx_11_0_arm64.whl", hash = "sha256:84ff5707825e9af9668d2bcf66975f93e520a63b524ab494e3a8265735be2563", size = 10201078, upload-time = "2026-04-28T10:45:23.374Z" },
    { url = "https://pypi.tuna.tsinghua.edu.cn/packages/7b/db/d8e37ff0045810cc65e1ff36aa0da0a2253c05659787ac987df8a16c7897/ty-0.0.33-py3-none-manylinux_2_17_aarch64.manylinux2014_aarch64.whl", hash = "sha256:e375285736f57886868e7af0b11c7b0ec5b6543fa15e7ad2a714fed9f077d4e0", size = 10732347, upload-time = "2026-04-28T10:45:21.444Z" },
    { url = "https://pypi.tuna.tsinghua.edu.cn/packages/e0/1a/20e83a412506a918e4684fc67b567cf7cc13b105470b3428cb23c3d5aa13/ty-0.0.33-py3-none-manylinux_2_17_armv7l.manylinux2014_armv7l.whl", hash = "sha256:5680f6350c3b4e46b8bff6d7bb132366ea239463d6cad4892725d06046e65464", size = 10808238, upload-time = "2026-04-28T10:45:38.565Z" },
    { url = "https://pypi.tuna.tsinghua.edu.cn/packages/5d/4b/d0a39f4464dc6cb4cc2c159473ce216bd1846bfb684c0323a3cb36dce5c6/ty-0.0.33-py3-none-manylinux_2_17_i686.manylinux2014_i686.whl", hash = "sha256:c5535538bad8d0f7e62bcdff02197cdb30e41451d80b35d27e17d128f2e1dc5d", size = 11288348, upload-time = "2026-04-28T10:45:08.419Z" },
    { url = "https://pypi.tuna.tsinghua.edu.cn/packages/35/7e/f1745e0f9583363d7a83d9a4990fc244f76ecc30840ddad83dc16a33c52d/ty-0.0.33-py3-none-manylinux_2_17_ppc64le.manylinux2014_ppc64le.whl", hash = "sha256:da196c42bbbc069e1e21e3e52107c061aa9660352dae57a41930690b56e2c02d", size = 11789907, upload-time = "2026-04-28T10:45:19.064Z" },
    { url = "https://pypi.tuna.tsinghua.edu.cn/packages/a5/71/25f39f46a12d662859d45bc648555d0661044eb43db6b5648c9947487da9/ty-0.0.33-py3-none-manylinux_2_17_s390x.manylinux2014_s390x.whl", hash = "sha256:9281672921ef6d4460e03146b5e6c18cb1a3e3a3b8a1a88f6f33226d05a469b7", size = 11500774, upload-time = "2026-04-28T10:45:48.012Z" },
    { url = "https://pypi.tuna.tsinghua.edu.cn/packages/94/ec/136959ecbb7c71cb90537f5aea441c73f4ab24612868a6ecdc9d7444d32d/ty-0.0.33-py3-none-manylinux_2_17_x86_64.manylinux2014_x86_64.whl", hash = "sha256:82c1b8f303f82da64e878108e764be3ecbcd7c9903ac0a7f7031614ed00b97ab", size = 11360314, upload-time = "2026-04-28T10:45:05.402Z" },
    { url = "https://pypi.tuna.tsinghua.edu.cn/packages/cf/95/32809575c222f00beed498cb728e9290a0f5009f930025381bb7253b2206/ty-0.0.33-py3-none-musllinux_1_2_aarch64.whl", hash = "sha256:efe3af412c9ff67bce5fa37d0a2b0d8555c24072b145a5bac6c79637f1c83abe", size = 10707785, upload-time = "2026-04-28T10:45:10.836Z" },
    { url = "https://pypi.tuna.tsinghua.edu.cn/packages/13/89/c8e9531f7aa4a093359e15fa32c8e1277fbbe90d16894d7c6032d29f4b34/ty-0.0.33-py3-none-musllinux_1_2_armv7l.whl", hash = "sha256:aeec29c91ea768601747da546c3efc20b72c2fb1bd52bcc786a5c6eeff51d27b", size = 10834987, upload-time = "2026-04-28T10:45:40.738Z" },
    { url = "https://pypi.tuna.tsinghua.edu.cn/packages/31/16/9835fbcf5338af1a1917bd28fdb8a7193c210b83f243aa286fa9f79cb3ad/ty-0.0.33-py3-none-musllinux_1_2_i686.whl", hash = "sha256:a535977c52bbb5f7e96b8b70a6ad375ad077f4a9ff2492508ea3816a2b403819", size = 10968968, upload-time = "2026-04-28T10:45:30.26Z" },
    { url = "https://pypi.tuna.tsinghua.edu.cn/packages/36/69/64c76aabc1bc70c7f24b686cd93c3407f8ea430905e395f59bf9603ef571/ty-0.0.33-py3-none-musllinux_1_2_x86_64.whl", hash = "sha256:1d732facf39fcb221ba279d469c5040d37883e964f123b1563888efd34818180", size = 11458077, upload-time = "2026-04-28T10:45:45.971Z" },
    { url = "https://pypi.tuna.tsinghua.edu.cn/packages/91/84/fae27b0c4718776a298690d31ca4cc1995f2e3e1c63a7b59e84c41498e9a/ty-0.0.33-py3-none-win32.whl", hash = "sha256:d90960b574428dc252f85e8598ec5fcb7f619794196b2fc95a90da075ed4681c", size = 10345364, upload-time = "2026-04-28T10:45:16.836Z" },
    { url = "https://pypi.tuna.tsinghua.edu.cn/packages/3c/a0/a2938b23ae3e1a09a2d7c189e2ac5f7113676bae4e0e23948b568e18e5f8/ty-0.0.33-py3-none-win_amd64.whl", hash = "sha256:c1c3aec62c44de610c6e95f0a4e97ac3dbc07934bfdbf1fd90d758c9ff72f48e", size = 11342470, upload-time = "2026-04-28T10:45:26.455Z" },
    { url = "https://pypi.tuna.tsinghua.edu.cn/packages/ab/62/7fb948aace38d2f6329261bb33c035a8484549c74f1db28649c7a4c6fed9/ty-0.0.33-py3-none-win_arm64.whl", hash = "sha256:0d44f99ba1b441e55e2aa301b2ac0a21112784931b46a5f66f4ea9efe5620d97", size = 10742673, upload-time = "2026-04-28T10:45:35.555Z" },
]

[[package]]
name = "types-requests"
version = "2.33.0.20260408"
source = { registry = "https://pypi.tuna.tsinghua.edu.cn/simple/" }
dependencies = [
    { name = "urllib3" },
]
sdist = { url = "https://pypi.tuna.tsinghua.edu.cn/packages/69/6a/749dc53a54a3f35842c1f8197b3ca6b54af6d7458a1bfc75f6629b6da666/types_requests-2.33.0.20260408.tar.gz", hash = "sha256:95b9a86376807a216b2fb412b47617b202091c3ea7c078f47cc358d5528ccb7b", size = 23882, upload-time = "2026-04-08T04:34:49.33Z" }
wheels = [
    { url = "https://pypi.tuna.tsinghua.edu.cn/packages/90/b8/78fd6c037de4788c040fdd323b3369804400351b7827473920f6c1d03c10/types_requests-2.33.0.20260408-py3-none-any.whl", hash = "sha256:81f31d5ea4acb39f03be7bc8bed569ba6d5a9c5d97e89f45ac43d819b68ca50f", size = 20739, upload-time = "2026-04-08T04:34:48.325Z" },
]

[[package]]
name = "urllib3"
version = "2.6.3"
source = { registry = "https://pypi.tuna.tsinghua.edu.cn/simple/" }
sdist = { url = "https://pypi.tuna.tsinghua.edu.cn/packages/c7/24/5f1b3bdffd70275f6661c76461e25f024d5a38a46f04aaca912426a2b1d3/urllib3-2.6.3.tar.gz", hash = "sha256:1b62b6884944a57dbe321509ab94fd4d3b307075e0c2eae991ac71ee15ad38ed", size = 435556, upload-time = "2026-01-07T16:24:43.925Z" }
wheels = [
    { url = "https://pypi.tuna.tsinghua.edu.cn/packages/39/08/aaaad47bc4e9dc8c725e68f9d04865dbcb2052843ff09c97b08904852d84/urllib3-2.6.3-py3-none-any.whl", hash = "sha256:bf272323e553dfb2e87d9bfd225ca7b0f467b919d7bbd355436d3fd37cb0acd4", size = 131584, upload-time = "2026-01-07T16:24:42.685Z" },
]
